
Microsoft Visual Studio Solution File, Format Version 12.00
# Visual Studio Version 16
VisualStudioVersion = 16.0.30611.23
MinimumVisualStudioVersion = 10.0.40219.1
Project("{FAE04EC0-301F-11D3-BF4B-00C04F79EFBC}") = "GitHubProject1", "GitHubProject1\GitHubProject1.csproj", "{246938FA-F3D9-404C-BAF7-1047E987085D}"
EndProject
Global
	GlobalSection(SolutionConfigurationPlatforms) = preSolution
		Debug|Any CPU = Debug|Any CPU
		Release|Any CPU = Release|Any CPU
	EndGlobalSection
	GlobalSection(ProjectConfigurationPlatforms) = postSolution
		{246938FA-F3D9-404C-BAF7-1047E987085D}.Debug|Any CPU.ActiveCfg = Debug|Any CPU
		{246938FA-F3D9-404C-BAF7-1047E987085D}.Debug|Any CPU.Build.0 = Debug|Any CPU
		{246938FA-F3D9-404C-BAF7-1047E987085D}.Release|Any CPU.ActiveCfg = Release|Any CPU
		{246938FA-F3D9-404C-BAF7-1047E987085D}.Release|Any CPU.Build.0 = Release|Any CPU
	EndGlobalSection
	GlobalSection(SolutionProperties) = preSolution
		HideSolutionNode = FALSE
	EndGlobalSection
	GlobalSection(ExtensibilityGlobals) = postSolution
		SolutionGuid = {D25C72C0-6664-4C9A-93AD-BDA10C96E436}
	EndGlobalSection
EndGlobal
